
Microsoft Visual Studio Solution File, Format Version 12.00
# Visual Studio Version 16
VisualStudioVersion = 16.0.31205.134
MinimumVisualStudioVersion = 10.0.40219.1
Project("{9A19103F-16F7-4668-BE54-9A1E7A4F7556}") = "LeadSquared.ApplicationProcess", "LeadSquared.ApplicationProcess.csproj", "{D0A8E1A1-E539-4A87-BF89-3718AF4F6483}"
EndProject
Project("{9A19103F-16F7-4668-BE54-9A1E7A4F7556}") = "LeadSquared.ApplicationProcess.Tests", "..\LeadSquared.ApplicationProcess.Tests\LeadSquared.ApplicationProcess.Tests.csproj", "{230BA909-33D3-4571-BEBD-49C2D3FB73B5}"
EndProject
Global
	GlobalSection(SolutionConfigurationPlatforms) = preSolution
		Debug|Any CPU = Debug|Any CPU
		Release|Any CPU = Release|Any CPU
	EndGlobalSection
	GlobalSection(ProjectConfigurationPlatforms) = postSolution
		{D0A8E1A1-E539-4A87-BF89-3718AF4F6483}.Debug|Any CPU.ActiveCfg = Debug|Any CPU
		{D0A8E1A1-E539-4A87-BF89-3718AF4F6483}.Debug|Any CPU.Build.0 = Debug|Any CPU
		{D0A8E1A1-E539-4A87-BF89-3718AF4F6483}.Release|Any CPU.ActiveCfg = Release|Any CPU
		{D0A8E1A1-E539-4A87-BF89-3718AF4F6483}.Release|Any CPU.Build.0 = Release|Any CPU
		{230BA909-33D3-4571-BEBD-49C2D3FB73B5}.Debug|Any CPU.ActiveCfg = Debug|Any CPU
		{230BA909-33D3-4571-BEBD-49C2D3FB73B5}.Debug|Any CPU.Build.0 = Debug|Any CPU
		{230BA909-33D3-4571-BEBD-49C2D3FB73B5}.Release|Any CPU.ActiveCfg = Release|Any CPU
		{230BA909-33D3-4571-BEBD-49C2D3FB73B5}.Release|Any CPU.Build.0 = Release|Any CPU
	EndGlobalSection
	GlobalSection(SolutionProperties) = preSolution
		HideSolutionNode = FALSE
	EndGlobalSection
	GlobalSection(ExtensibilityGlobals) = postSolution
		SolutionGuid = {29378767-2061-430F-96F8-7DA1291F0AEB}
	EndGlobalSection
EndGlobal
